
Microsoft Visual Studio Solution File, Format Version 12.00
# Visual Studio Version 16
VisualStudioVersion = 16.0.29418.71
MinimumVisualStudioVersion = 10.0.40219.1
Project("{9A19103F-16F7-4668-BE54-9A1E7A4F7556}") = "Algorithm", "Algorithm.csproj", "{633A6235-DBA4-473B-8E89-27732A646D74}"
EndProject
Project("{FAE04EC0-301F-11D3-BF4B-00C04F79EFBC}") = "Exercise", "..\Exercise\Exercise.csproj", "{01F4B534-7673-437A-A04D-7726101681F5}"
EndProject
Global
	GlobalSection(SolutionConfigurationPlatforms) = preSolution
		Debug|Any CPU = Debug|Any CPU
		Release|Any CPU = Release|Any CPU
	EndGlobalSection
	GlobalSection(ProjectConfigurationPlatforms) = postSolution
		{633A6235-DBA4-473B-8E89-27732A646D74}.Debug|Any CPU.ActiveCfg = Debug|Any CPU
		{633A6235-DBA4-473B-8E89-27732A646D74}.Debug|Any CPU.Build.0 = Debug|Any CPU
		{633A6235-DBA4-473B-8E89-27732A646D74}.Release|Any CPU.ActiveCfg = Release|Any CPU
		{633A6235-DBA4-473B-8E89-27732A646D74}.Release|Any CPU.Build.0 = Release|Any CPU
		{01F4B534-7673-437A-A04D-7726101681F5}.Debug|Any CPU.ActiveCfg = Debug|Any CPU
		{01F4B534-7673-437A-A04D-7726101681F5}.Debug|Any CPU.Build.0 = Debug|Any CPU
		{01F4B534-7673-437A-A04D-7726101681F5}.Release|Any CPU.ActiveCfg = Release|Any CPU
		{01F4B534-7673-437A-A04D-7726101681F5}.Release|Any CPU.Build.0 = Release|Any CPU
	EndGlobalSection
	GlobalSection(SolutionProperties) = preSolution
		HideSolutionNode = FALSE
	EndGlobalSection
	GlobalSection(ExtensibilityGlobals) = postSolution
		SolutionGuid = {85BEEBC4-D1BB-45CB-89F5-26AA046BB000}
	EndGlobalSection
EndGlobal
